
Microsoft Visual Studio Solution File, Format Version 12.00
# Visual Studio Version 16
VisualStudioVersion = 16.0.30717.126
MinimumVisualStudioVersion = 10.0.40219.1
Project("{FAE04EC0-301F-11D3-BF4B-00C04F79EFBC}") = "GitTestProjectVisualStudio", "GitTestProjectVisualStudio\GitTestProjectVisualStudio.csproj", "{9878269C-86D3-4FE3-A5D4-F8EBFBDC65B7}"
EndProject
Global
	GlobalSection(SolutionConfigurationPlatforms) = preSolution
		Debug|Any CPU = Debug|Any CPU
		Release|Any CPU = Release|Any CPU
	EndGlobalSection
	GlobalSection(ProjectConfigurationPlatforms) = postSolution
		{9878269C-86D3-4FE3-A5D4-F8EBFBDC65B7}.Debug|Any CPU.ActiveCfg = Debug|Any CPU
		{9878269C-86D3-4FE3-A5D4-F8EBFBDC65B7}.Debug|Any CPU.Build.0 = Debug|Any CPU
		{9878269C-86D3-4FE3-A5D4-F8EBFBDC65B7}.Release|Any CPU.ActiveCfg = Release|Any CPU
		{9878269C-86D3-4FE3-A5D4-F8EBFBDC65B7}.Release|Any CPU.Build.0 = Release|Any CPU
	EndGlobalSection
	GlobalSection(SolutionProperties) = preSolution
		HideSolutionNode = FALSE
	EndGlobalSection
	GlobalSection(ExtensibilityGlobals) = postSolution
		SolutionGuid = {6B7D875B-4725-4CE4-8C5D-120BC0BD38D9}
	EndGlobalSection
EndGlobal
